{
  "name": "@builtbyhuy/contrast-evidence",
  "version": "0.1.1",
  "lockfileVersion": 3,
  "requires": true,
  "packages": {
    "": {
      "name": "@builtbyhuy/contrast-evidence",
      "version": "0.1.1",
      "license": "MIT",
      "dependencies": {
        "playwright": "1.62.1",
        "pngjs": "7.0.0"
      },
      "bin": {
        "contrast-evidence": "src/cli.js"
      },
      "devDependencies": {
        "@axe-core/playwright": "4.11.0"
      },
      "engines": {
        "node": ">=20"
      }
    },
    "node_modules/@axe-core/playwright": {
      "version": "4.11.0",
      "resolved": "https://registry.npmjs.org/@axe-core/playwright/-/playwright-4.11.0.tgz",
      "integrity": "sha512-70vBT/Ylqpm65RQz2iCG2o0JJCEG/WCNyefTr2xcOcr1CoSee60gNQYUMZZ7YukoKkFLv26I/jjlsvwwp532oQ==",
      "dev": true,
      "license": "MPL-2.0",
      "dependencies": {
        "axe-core": "~4.11.0"
      },
      "peerDependencies": {
        "playwright-core": ">= 1.0.0"
      }
    },
    "node_modules/axe-core": {
      "version": "4.11.4",
      "resolved": "https://registry.npmjs.org/axe-core/-/axe-core-4.11.4.tgz",
      "integrity": "sha512-KunSNx+TVpkAw/6ULfhnx+HWRecjqZGTOyquAoWHYLRSdK1tB5Ihce1ZW+UY3fj33bYAFWPu7W/GRSmmrCGuxA==",
      "dev": true,
      "license": "MPL-2.0",
      "engines": {
        "node": ">=4"
      }
    },
    "node_modules/fsevents": {
      "version": "2.3.2",
      "resolved": "https://registry.npmjs.org/fsevents/-/fsevents-2.3.2.tgz",
      "integrity": "sha512-xiqMQR4xAeHTuB9uWm+fFRcIOgKBMiOBP+eXiyT7jsgVCq1bkVygt00oASowB7EdtpOHaaPgKt812P9ab+DDKA==",
      "hasInstallScript": true,
      "license": "MIT",
      "optional": true,
      "os": [
        "darwin"
      ],
      "engines": {
        "node": "^8.16.0 || ^10.6.0 || >=11.0.0"
      }
    },
    "node_modules/playwright": {
      "version": "1.62.1",
      "resolved": "https://registry.npmjs.org/playwright/-/playwright-1.62.1.tgz",
      "integrity": "sha512-0M+L3LAD8/nm554LOla9Ayx0j0tmFZ0FBcoQ7F1VuVHpM/XpiC8RcDzBQB8W5+hA8L22THxELzeF+2WcUzvcLg==",
      "license": "Apache-2.0",
      "dependencies": {
        "playwright-core": "1.62.1"
      },
      "bin": {
        "playwright": "cli.js"
      },
      "engines": {
        "node": ">=20"
      },
      "optionalDependencies": {
        "fsevents": "2.3.2"
      }
    },
    "node_modules/playwright-core": {
      "version": "1.64.0",
      "resolved": "https://registry.npmjs.org/playwright-core/-/playwright-core-1.64.0.tgz",
      "integrity": "sha512-T9r+MZkTECl2+oUcZ26YgZzTrYidTsIhYYkJix+6iDOymOb1FB2RLLSOxRGnZGv5DStt+aduIVbt+E8WygXYpg==",
      "dev": true,
      "license": "Apache-2.0",
      "peer": true,
      "bin": {
        "playwright-core": "cli.js"
      },
      "engines": {
        "node": ">=20"
      }
    },
    "node_modules/playwright/node_modules/playwright-core": {
      "version": "1.62.1",
      "resolved": "https://registry.npmjs.org/playwright-core/-/playwright-core-1.62.1.tgz",
      "integrity": "sha512-wPYSwEBJY9GHraISXqyqtx0na0LpO3XEX7jNDhntbex7tzUS7kLnZsOlFruFJB4Hi/rhDMjXGqHewDZ68nYZVw==",
      "license": "Apache-2.0",
      "bin": {
        "playwright-core": "cli.js"
      },
      "engines": {
        "node": ">=20"
      }
    },
    "node_modules/pngjs": {
      "version": "7.0.0",
      "resolved": "https://registry.npmjs.org/pngjs/-/pngjs-7.0.0.tgz",
      "integrity": "sha512-LKWqWJRhstyYo9pGvgor/ivk2w94eSjE3RGVuzLGlr3NmD8bf7RcYGze1mNdEHRP6TRP6rMuDHk5t44hnTRyow==",
      "license": "MIT",
      "engines": {
        "node": ">=14.19.0"
      }
    }
  }
}
